
Microsoft Visual Studio Solution File, Format Version 12.00
# Visual Studio Version 16
VisualStudioVersion = 16.0.30611.23
MinimumVisualStudioVersion = 10.0.40219.1
Project("{FAE04EC0-301F-11D3-BF4B-00C04F79EFBC}") = "Matimela-Project", "Matimela-Project\Matimela-Project.csproj", "{528F89EC-6FEC-44C6-8584-7BA207E08868}"
EndProject
Global
	GlobalSection(SolutionConfigurationPlatforms) = preSolution
		Debug|Any CPU = Debug|Any CPU
		Release|Any CPU = Release|Any CPU
	EndGlobalSection
	GlobalSection(ProjectConfigurationPlatforms) = postSolution
		{528F89EC-6FEC-44C6-8584-7BA207E08868}.Debug|Any CPU.ActiveCfg = Debug|Any CPU
		{528F89EC-6FEC-44C6-8584-7BA207E08868}.Debug|Any CPU.Build.0 = Debug|Any CPU
		{528F89EC-6FEC-44C6-8584-7BA207E08868}.Release|Any CPU.ActiveCfg = Release|Any CPU
		{528F89EC-6FEC-44C6-8584-7BA207E08868}.Release|Any CPU.Build.0 = Release|Any CPU
	EndGlobalSection
	GlobalSection(SolutionProperties) = preSolution
		HideSolutionNode = FALSE
	EndGlobalSection
	GlobalSection(ExtensibilityGlobals) = postSolution
		SolutionGuid = {6603733A-920C-4A40-9E35-CE6F3D7A3091}
	EndGlobalSection
EndGlobal
